
Microsoft Visual Studio Solution File, Format Version 12.00
# Visual Studio Version 17
VisualStudioVersion = 17.11.35327.3
MinimumVisualStudioVersion = 10.0.40219.1
Project("{2150E333-8FDC-42A3-9474-1A3956D46DE8}") = "Adapters", "Adapters", "{05918259-5395-47B4-91BC-A97BF2155BB5}"
EndProject
Project("{2150E333-8FDC-42A3-9474-1A3956D46DE8}") = "Core", "Core", "{8B46477D-3B28-48B3-A878-6385B95FC324}"
EndProject
Project("{2150E333-8FDC-42A3-9474-1A3956D46DE8}") = "Ports", "Ports", "{EEC85BE4-9F84-4419-896A-D81B4B21B946}"
EndProject
Project("{2150E333-8FDC-42A3-9474-1A3956D46DE8}") = "Infra", "Infra", "{B2351465-BB46-4E18-B227-F1D4BE1E509D}"
EndProject
Project("{2150E333-8FDC-42A3-9474-1A3956D46DE8}") = "Solution Items", "Solution Items", "{D57CF421-1469-413C-AC01-DA26687B7318}"
	ProjectSection(SolutionItems) = preProject
		.gitignore = .gitignore
		.github\workflows\deploy.yaml = .github\workflows\deploy.yaml
		Dockerfile = Dockerfile
		readme.md = readme.md
		ScriptCriacaoTabelas.sql = ScriptCriacaoTabelas.sql
	EndProjectSection
EndProject
Project("{9A19103F-16F7-4668-BE54-9A1E7A4F7556}") = "fiap.Repositories", "src\Adapters\Infra\fiap.Repositories\fiap.Repositories.csproj", "{BD424A9D-4527-4A32-B51A-7831A20341D4}"
EndProject
Project("{9A19103F-16F7-4668-BE54-9A1E7A4F7556}") = "fiap.Application", "src\Core\fiap.Application\fiap.Application.csproj", "{2C5E416C-D6E1-4297-B1C8-6CE940998834}"
EndProject
Project("{9A19103F-16F7-4668-BE54-9A1E7A4F7556}") = "fiap.Domain", "src\Core\fiap.Domain\fiap.Domain.csproj", "{5B9045A4-54B0-47E0-B1D7-C0EC1A452388}"
EndProject
Project("{9A19103F-16F7-4668-BE54-9A1E7A4F7556}") = "fiap.API", "src\Ports\fiap.API\fiap.API.csproj", "{F6209F9D-2778-43DD-BFD2-F438AF77D2AD}"
EndProject
Project("{9A19103F-16F7-4668-BE54-9A1E7A4F7556}") = "fiap.Services", "src\Adapters\Infra\fiap.Services\fiap.Services.csproj", "{C59A04C5-0C04-4725-AA58-2A8D7466BB4C}"
EndProject
Project("{2150E333-8FDC-42A3-9474-1A3956D46DE8}") = "k8s", "k8s", "{2336E2F1-353B-44A2-847A-3480A13EC6BB}"
	ProjectSection(SolutionItems) = preProject
		k8s\app-deployment.yaml = k8s\app-deployment.yaml
		k8s\app-service.yaml = k8s\app-service.yaml
	EndProjectSection
EndProject
Global
	GlobalSection(SolutionConfigurationPlatforms) = preSolution
		Debug|Any CPU = Debug|Any CPU
		Release|Any CPU = Release|Any CPU
	EndGlobalSection
	GlobalSection(ProjectConfigurationPlatforms) = postSolution
		{BD424A9D-4527-4A32-B51A-7831A20341D4}.Debug|Any CPU.ActiveCfg = Debug|Any CPU
		{BD424A9D-4527-4A32-B51A-7831A20341D4}.Debug|Any CPU.Build.0 = Debug|Any CPU
		{BD424A9D-4527-4A32-B51A-7831A20341D4}.Release|Any CPU.ActiveCfg = Release|Any CPU
		{BD424A9D-4527-4A32-B51A-7831A20341D4}.Release|Any CPU.Build.0 = Release|Any CPU
		{2C5E416C-D6E1-4297-B1C8-6CE940998834}.Debug|Any CPU.ActiveCfg = Debug|Any CPU
		{2C5E416C-D6E1-4297-B1C8-6CE940998834}.Debug|Any CPU.Build.0 = Debug|Any CPU
		{2C5E416C-D6E1-4297-B1C8-6CE940998834}.Release|Any CPU.ActiveCfg = Release|Any CPU
		{2C5E416C-D6E1-4297-B1C8-6CE940998834}.Release|Any CPU.Build.0 = Release|Any CPU
		{5B9045A4-54B0-47E0-B1D7-C0EC1A452388}.Debug|Any CPU.ActiveCfg = Debug|Any CPU
		{5B9045A4-54B0-47E0-B1D7-C0EC1A452388}.Debug|Any CPU.Build.0 = Debug|Any CPU
		{5B9045A4-54B0-47E0-B1D7-C0EC1A452388}.Release|Any CPU.ActiveCfg = Release|Any CPU
		{5B9045A4-54B0-47E0-B1D7-C0EC1A452388}.Release|Any CPU.Build.0 = Release|Any CPU
		{F6209F9D-2778-43DD-BFD2-F438AF77D2AD}.Debug|Any CPU.ActiveCfg = Debug|Any CPU
		{F6209F9D-2778-43DD-BFD2-F438AF77D2AD}.Debug|Any CPU.Build.0 = Debug|Any CPU
		{F6209F9D-2778-43DD-BFD2-F438AF77D2AD}.Release|Any CPU.ActiveCfg = Release|Any CPU
		{F6209F9D-2778-43DD-BFD2-F438AF77D2AD}.Release|Any CPU.Build.0 = Release|Any CPU
		{C59A04C5-0C04-4725-AA58-2A8D7466BB4C}.Debug|Any CPU.ActiveCfg = Debug|Any CPU
		{C59A04C5-0C04-4725-AA58-2A8D7466BB4C}.Debug|Any CPU.Build.0 = Debug|Any CPU
		{C59A04C5-0C04-4725-AA58-2A8D7466BB4C}.Release|Any CPU.ActiveCfg = Release|Any CPU
		{C59A04C5-0C04-4725-AA58-2A8D7466BB4C}.Release|Any CPU.Build.0 = Release|Any CPU
	EndGlobalSection
	GlobalSection(SolutionProperties) = preSolution
		HideSolutionNode = FALSE
	EndGlobalSection
	GlobalSection(NestedProjects) = preSolution
		{B2351465-BB46-4E18-B227-F1D4BE1E509D} = {05918259-5395-47B4-91BC-A97BF2155BB5}
		{BD424A9D-4527-4A32-B51A-7831A20341D4} = {B2351465-BB46-4E18-B227-F1D4BE1E509D}
		{2C5E416C-D6E1-4297-B1C8-6CE940998834} = {8B46477D-3B28-48B3-A878-6385B95FC324}
		{5B9045A4-54B0-47E0-B1D7-C0EC1A452388} = {8B46477D-3B28-48B3-A878-6385B95FC324}
		{F6209F9D-2778-43DD-BFD2-F438AF77D2AD} = {EEC85BE4-9F84-4419-896A-D81B4B21B946}
		{C59A04C5-0C04-4725-AA58-2A8D7466BB4C} = {B2351465-BB46-4E18-B227-F1D4BE1E509D}
		{2336E2F1-353B-44A2-847A-3480A13EC6BB} = {D57CF421-1469-413C-AC01-DA26687B7318}
	EndGlobalSection
	GlobalSection(ExtensibilityGlobals) = postSolution
		SolutionGuid = {EBEFF8AC-01F5-409B-B24E-BD23A8CC26E6}
	EndGlobalSection
EndGlobal
