
Microsoft Visual Studio Solution File, Format Version 12.00
# Visual Studio Version 17
VisualStudioVersion = 17.11.35327.3
MinimumVisualStudioVersion = 10.0.40219.1
Project("{2150E333-8FDC-42A3-9474-1A3956D46DE8}") = "Adapters", "Adapters", "{05918259-5395-47B4-91BC-A97BF2155BB5}"
EndProject
Project("{2150E333-8FDC-42A3-9474-1A3956D46DE8}") = "Core", "Core", "{8B46477D-3B28-48B3-A878-6385B95FC324}"
EndProject
Project("{2150E333-8FDC-42A3-9474-1A3956D46DE8}") = "Ports", "Ports", "{EEC85BE4-9F84-4419-896A-D81B4B21B946}"
EndProject
Project("{2150E333-8FDC-42A3-9474-1A3956D46DE8}") = "Infra", "Infra", "{B2351465-BB46-4E18-B227-F1D4BE1E509D}"
EndProject
Project("{2150E333-8FDC-42A3-9474-1A3956D46DE8}") = "Repositories", "Repositories", "{B0584134-3014-4A86-BE91-02AF85BDC657}"
EndProject
Project("{2150E333-8FDC-42A3-9474-1A3956D46DE8}") = "Services", "Services", "{E59CF664-0DA1-4BE3-8BED-C830190D30FA}"
EndProject
Project("{2150E333-8FDC-42A3-9474-1A3956D46DE8}") = "Application", "Application", "{EF1AE4D2-E5F6-43C2-9934-AE080AF1F78F}"
EndProject
Project("{2150E333-8FDC-42A3-9474-1A3956D46DE8}") = "Domain", "Domain", "{C6CCA414-3EF3-4603-8AC3-A071681E8EC6}"
EndProject
Project("{2150E333-8FDC-42A3-9474-1A3956D46DE8}") = "Interfaces", "Interfaces", "{0F4DEFFE-CB10-4BFC-AFA0-C0A104C077CF}"
EndProject
Project("{2150E333-8FDC-42A3-9474-1A3956D46DE8}") = "UseCases", "UseCases", "{7DFF8814-CDB9-4A41-ADB0-E59A5306BA54}"
EndProject
Project("{2150E333-8FDC-42A3-9474-1A3956D46DE8}") = "Entities", "Entities", "{FB88B119-87C5-401C-B7EF-4C54F738DA8F}"
EndProject
Project("{2150E333-8FDC-42A3-9474-1A3956D46DE8}") = "Repositories", "Repositories", "{9C9D30F1-3647-4778-B825-3C6F1332E152}"
EndProject
Project("{2150E333-8FDC-42A3-9474-1A3956D46DE8}") = "Services", "Services", "{86600342-C2BC-4FBE-A694-D05C6F1FD9DF}"
EndProject
Project("{9A19103F-16F7-4668-BE54-9A1E7A4F7556}") = "fiap.API", "src\Ports\fiap.API\fiap.API.csproj", "{E9A4548F-FC54-4E04-ADD0-03205481A60D}"
EndProject
Project("{E53339B2-1760-4266-BCC7-CA923CBCF16C}") = "docker-compose", "docker-compose.dcproj", "{B4C616FB-55C9-4CC6-9665-9F11D3404FE9}"
EndProject
Project("{2150E333-8FDC-42A3-9474-1A3956D46DE8}") = "scripts", "scripts", "{9934B0B3-84C3-47B4-AA05-0C033AFAF0E2}"
	ProjectSection(SolutionItems) = preProject
		scripts\ScriptCriacaoTabelas.sql = scripts\ScriptCriacaoTabelas.sql
	EndProjectSection
EndProject
Global
	GlobalSection(SolutionConfigurationPlatforms) = preSolution
		Debug|Any CPU = Debug|Any CPU
		Release|Any CPU = Release|Any CPU
	EndGlobalSection
	GlobalSection(ProjectConfigurationPlatforms) = postSolution
		{E9A4548F-FC54-4E04-ADD0-03205481A60D}.Debug|Any CPU.ActiveCfg = Debug|Any CPU
		{E9A4548F-FC54-4E04-ADD0-03205481A60D}.Debug|Any CPU.Build.0 = Debug|Any CPU
		{E9A4548F-FC54-4E04-ADD0-03205481A60D}.Release|Any CPU.ActiveCfg = Release|Any CPU
		{E9A4548F-FC54-4E04-ADD0-03205481A60D}.Release|Any CPU.Build.0 = Release|Any CPU
		{B4C616FB-55C9-4CC6-9665-9F11D3404FE9}.Debug|Any CPU.ActiveCfg = Debug|Any CPU
		{B4C616FB-55C9-4CC6-9665-9F11D3404FE9}.Debug|Any CPU.Build.0 = Debug|Any CPU
		{B4C616FB-55C9-4CC6-9665-9F11D3404FE9}.Release|Any CPU.ActiveCfg = Release|Any CPU
		{B4C616FB-55C9-4CC6-9665-9F11D3404FE9}.Release|Any CPU.Build.0 = Release|Any CPU
	EndGlobalSection
	GlobalSection(SolutionProperties) = preSolution
		HideSolutionNode = FALSE
	EndGlobalSection
	GlobalSection(NestedProjects) = preSolution
		{B2351465-BB46-4E18-B227-F1D4BE1E509D} = {05918259-5395-47B4-91BC-A97BF2155BB5}
		{B0584134-3014-4A86-BE91-02AF85BDC657} = {B2351465-BB46-4E18-B227-F1D4BE1E509D}
		{E59CF664-0DA1-4BE3-8BED-C830190D30FA} = {B2351465-BB46-4E18-B227-F1D4BE1E509D}
		{EF1AE4D2-E5F6-43C2-9934-AE080AF1F78F} = {8B46477D-3B28-48B3-A878-6385B95FC324}
		{C6CCA414-3EF3-4603-8AC3-A071681E8EC6} = {8B46477D-3B28-48B3-A878-6385B95FC324}
		{0F4DEFFE-CB10-4BFC-AFA0-C0A104C077CF} = {EF1AE4D2-E5F6-43C2-9934-AE080AF1F78F}
		{7DFF8814-CDB9-4A41-ADB0-E59A5306BA54} = {EF1AE4D2-E5F6-43C2-9934-AE080AF1F78F}
		{FB88B119-87C5-401C-B7EF-4C54F738DA8F} = {C6CCA414-3EF3-4603-8AC3-A071681E8EC6}
		{9C9D30F1-3647-4778-B825-3C6F1332E152} = {C6CCA414-3EF3-4603-8AC3-A071681E8EC6}
		{86600342-C2BC-4FBE-A694-D05C6F1FD9DF} = {C6CCA414-3EF3-4603-8AC3-A071681E8EC6}
		{E9A4548F-FC54-4E04-ADD0-03205481A60D} = {EEC85BE4-9F84-4419-896A-D81B4B21B946}
	EndGlobalSection
	GlobalSection(ExtensibilityGlobals) = postSolution
		SolutionGuid = {EBEFF8AC-01F5-409B-B24E-BD23A8CC26E6}
	EndGlobalSection
EndGlobal
